
Microsoft Visual Studio Solution File, Format Version 12.00
# Visual Studio Version 17
VisualStudioVersion = 17.3.32929.385
MinimumVisualStudioVersion = 10.0.40219.1
Project("{FAE04EC0-301F-11D3-BF4B-00C04F79EFBC}") = "Helloapp", "Helloapp\Helloapp.csproj", "{98432C93-75B4-40FF-AE77-2D10767AAF73}"
EndProject
Global
	GlobalSection(SolutionConfigurationPlatforms) = preSolution
		Debug|Any CPU = Debug|Any CPU
		Release|Any CPU = Release|Any CPU
	EndGlobalSection
	GlobalSection(ProjectConfigurationPlatforms) = postSolution
		{98432C93-75B4-40FF-AE77-2D10767AAF73}.Debug|Any CPU.ActiveCfg = Debug|Any CPU
		{98432C93-75B4-40FF-AE77-2D10767AAF73}.Debug|Any CPU.Build.0 = Debug|Any CPU
		{98432C93-75B4-40FF-AE77-2D10767AAF73}.Release|Any CPU.ActiveCfg = Release|Any CPU
		{98432C93-75B4-40FF-AE77-2D10767AAF73}.Release|Any CPU.Build.0 = Release|Any CPU
	EndGlobalSection
	GlobalSection(SolutionProperties) = preSolution
		HideSolutionNode = FALSE
	EndGlobalSection
	GlobalSection(ExtensibilityGlobals) = postSolution
		SolutionGuid = {418FDBC2-4567-4DAD-86E2-2E87DBEB4EC4}
	EndGlobalSection
EndGlobal
